
Microsoft Visual Studio Solution File, Format Version 12.00
# Visual Studio Version 16
VisualStudioVersion = 16.0.29503.13
MinimumVisualStudioVersion = 10.0.40219.1
Project("{8BC9CEB8-8B4A-11D0-8D11-00A0C91BC942}") = "EXAMENT3", "EXAMENT3\EXAMENT3.vcxproj", "{EC7E6325-01FF-42A9-9887-7733F62C2EA4}"
EndProject
Global
	GlobalSection(SolutionConfigurationPlatforms) = preSolution
		Debug|x64 = Debug|x64
		Debug|x86 = Debug|x86
		Release|x64 = Release|x64
		Release|x86 = Release|x86
	EndGlobalSection
	GlobalSection(ProjectConfigurationPlatforms) = postSolution
		{EC7E6325-01FF-42A9-9887-7733F62C2EA4}.Debug|x64.ActiveCfg = Debug|x64
		{EC7E6325-01FF-42A9-9887-7733F62C2EA4}.Debug|x64.Build.0 = Debug|x64
		{EC7E6325-01FF-42A9-9887-7733F62C2EA4}.Debug|x86.ActiveCfg = Debug|Win32
		{EC7E6325-01FF-42A9-9887-7733F62C2EA4}.Debug|x86.Build.0 = Debug|Win32
		{EC7E6325-01FF-42A9-9887-7733F62C2EA4}.Release|x64.ActiveCfg = Release|x64
		{EC7E6325-01FF-42A9-9887-7733F62C2EA4}.Release|x64.Build.0 = Release|x64
		{EC7E6325-01FF-42A9-9887-7733F62C2EA4}.Release|x86.ActiveCfg = Release|Win32
		{EC7E6325-01FF-42A9-9887-7733F62C2EA4}.Release|x86.Build.0 = Release|Win32
	EndGlobalSection
	GlobalSection(SolutionProperties) = preSolution
		HideSolutionNode = FALSE
	EndGlobalSection
	GlobalSection(ExtensibilityGlobals) = postSolution
		SolutionGuid = {24706E3D-4E24-4F13-8733-27B0E385ECFB}
	EndGlobalSection
EndGlobal
